
Microsoft Visual Studio Solution File, Format Version 12.00
# Visual Studio 15
VisualStudioVersion = 15.0.27428.2015
MinimumVisualStudioVersion = 10.0.40219.1
Project("{FAE04EC0-301F-11D3-BF4B-00C04F79EFBC}") = "GuzelEsnaf", "GuzelEsnaf\GuzelEsnaf.csproj", "{228F3213-C984-4F45-9C17-1B42036EB954}"
EndProject
Global
	GlobalSection(SolutionConfigurationPlatforms) = preSolution
		Debug|Any CPU = Debug|Any CPU
		Release|Any CPU = Release|Any CPU
	EndGlobalSection
	GlobalSection(ProjectConfigurationPlatforms) = postSolution
		{228F3213-C984-4F45-9C17-1B42036EB954}.Debug|Any CPU.ActiveCfg = Debug|Any CPU
		{228F3213-C984-4F45-9C17-1B42036EB954}.Debug|Any CPU.Build.0 = Debug|Any CPU
		{228F3213-C984-4F45-9C17-1B42036EB954}.Release|Any CPU.ActiveCfg = Release|Any CPU
		{228F3213-C984-4F45-9C17-1B42036EB954}.Release|Any CPU.Build.0 = Release|Any CPU
	EndGlobalSection
	GlobalSection(SolutionProperties) = preSolution
		HideSolutionNode = FALSE
	EndGlobalSection
	GlobalSection(ExtensibilityGlobals) = postSolution
		SolutionGuid = {04DB03C2-9057-44C9-8229-89099A0FDC02}
	EndGlobalSection
EndGlobal
